
Microsoft Visual Studio Solution File, Format Version 12.00
# Visual Studio Version 17
VisualStudioVersion = 17.6.33712.159
MinimumVisualStudioVersion = 10.0.40219.1
Project("{8BC9CEB8-8B4A-11D0-8D11-00A0C91BC942}") = "even_odd", "even_odd\even_odd.vcxproj", "{85DB8F39-101E-4E58-AB8E-A5040EAAF2AD}"
EndProject
Global
	GlobalSection(SolutionConfigurationPlatforms) = preSolution
		Debug|x64 = Debug|x64
		Debug|x86 = Debug|x86
		Release|x64 = Release|x64
		Release|x86 = Release|x86
	EndGlobalSection
	GlobalSection(ProjectConfigurationPlatforms) = postSolution
		{85DB8F39-101E-4E58-AB8E-A5040EAAF2AD}.Debug|x64.ActiveCfg = Debug|x64
		{85DB8F39-101E-4E58-AB8E-A5040EAAF2AD}.Debug|x64.Build.0 = Debug|x64
		{85DB8F39-101E-4E58-AB8E-A5040EAAF2AD}.Debug|x86.ActiveCfg = Debug|Win32
		{85DB8F39-101E-4E58-AB8E-A5040EAAF2AD}.Debug|x86.Build.0 = Debug|Win32
		{85DB8F39-101E-4E58-AB8E-A5040EAAF2AD}.Release|x64.ActiveCfg = Release|x64
		{85DB8F39-101E-4E58-AB8E-A5040EAAF2AD}.Release|x64.Build.0 = Release|x64
		{85DB8F39-101E-4E58-AB8E-A5040EAAF2AD}.Release|x86.ActiveCfg = Release|Win32
		{85DB8F39-101E-4E58-AB8E-A5040EAAF2AD}.Release|x86.Build.0 = Release|Win32
	EndGlobalSection
	GlobalSection(SolutionProperties) = preSolution
		HideSolutionNode = FALSE
	EndGlobalSection
	GlobalSection(ExtensibilityGlobals) = postSolution
		SolutionGuid = {C69E52F4-DC80-4488-9B40-A7DC2B1165D2}
	EndGlobalSection
EndGlobal
